
Microsoft Visual Studio Solution File, Format Version 12.00
# Visual Studio Version 16
VisualStudioVersion = 16.0.31729.503
MinimumVisualStudioVersion = 10.0.40219.1
Project("{2150E333-8FDC-42A3-9474-1A3956D46DE8}") = "Cwiczenia 2", "Cwiczenia 2", "{CB0B77D7-8ABF-4164-A80E-C65F626CA740}"
EndProject
Project("{9A19103F-16F7-4668-BE54-9A1E7A4F7556}") = "Zadanie 1", "Cwiczenia 2\Zadanie 1\Zadanie 1.csproj", "{F43FF679-E853-4B8E-BA8B-A9C692FAC66E}"
EndProject
Project("{2150E333-8FDC-42A3-9474-1A3956D46DE8}") = "Cwiczenia 1", "Cwiczenia 1", "{299FCFBF-8BA9-442D-B826-458D8D8E258C}"
EndProject
Project("{9A19103F-16F7-4668-BE54-9A1E7A4F7556}") = "test", "test\test.csproj", "{670F621F-B258-4A3D-9FE6-DD5CCF57C263}"
EndProject
Project("{FAE04EC0-301F-11D3-BF4B-00C04F79EFBC}") = "CW_1", "..\CW_1\CW_1\CW_1.csproj", "{2B15ADAC-73E6-4DBA-9BF8-E75A8BF13086}"
EndProject
Project("{9A19103F-16F7-4668-BE54-9A1E7A4F7556}") = "C1_Domowe 1", "Cwiczenia 1\C1_Domowe 1\C1_Domowe 1.csproj", "{633481A3-65B0-402D-B891-0BEFCDD76268}"
EndProject
Project("{9A19103F-16F7-4668-BE54-9A1E7A4F7556}") = "C1_Domowe 2", "Cwiczenia 1\C1_Domowe 2\C1_Domowe 2.csproj", "{9812B2A9-A97C-4EC3-A5FE-F6A7757B6F42}"
EndProject
Project("{9A19103F-16F7-4668-BE54-9A1E7A4F7556}") = "C1_Domowe 3", "Cwiczenia 1\C1_Domowe 3\C1_Domowe 3.csproj", "{48464DA1-4647-4B01-828C-C64F54F4A011}"
EndProject
Project("{9A19103F-16F7-4668-BE54-9A1E7A4F7556}") = "C1_Domowe 4", "Cwiczenia 1\C1_Domowe 4\C1_Domowe 4.csproj", "{28B51185-08FD-4D91-8654-A7412129B2A4}"
EndProject
Project("{9A19103F-16F7-4668-BE54-9A1E7A4F7556}") = "C1_Domowe 5", "Cwiczenia 1\C1_Domowe 5\C1_Domowe 5.csproj", "{BAEB8055-2DA7-49E5-A0ED-8758D30292FD}"
EndProject
Project("{9A19103F-16F7-4668-BE54-9A1E7A4F7556}") = "C1_Domowe 6", "Cwiczenia 1\C1_Domowe 6\C1_Domowe 6.csproj", "{9FF2C5A8-6EFC-410B-AE77-3AF69723D053}"
EndProject
Project("{9A19103F-16F7-4668-BE54-9A1E7A4F7556}") = "C1_Domowe 7", "Cwiczenia 1\C1_Domowe 7\C1_Domowe 7.csproj", "{BD1F3067-893E-44F1-8EF0-42B361EB96BC}"
EndProject
Project("{9A19103F-16F7-4668-BE54-9A1E7A4F7556}") = "C1_Zadanie 1", "Cwiczenia 1\C1_Zadanie 1\C1_Zadanie 1.csproj", "{BB8567CB-E124-4213-ABC8-9D28E416FB12}"
EndProject
Project("{9A19103F-16F7-4668-BE54-9A1E7A4F7556}") = "C1_Zadanie 2", "Cwiczenia 1\C1_Zadanie 2\C1_Zadanie 2.csproj", "{EFF7481A-B893-4339-9436-76F8C139316E}"
EndProject
Project("{FAE04EC0-301F-11D3-BF4B-00C04F79EFBC}") = "C1_Zadanie 3", "Cwiczenia 1\C1_Zadanie 3\C1_Zadanie 3.csproj", "{BBB3A9C3-6170-4FA0-B451-6462C70D5743}"
EndProject
Project("{9A19103F-16F7-4668-BE54-9A1E7A4F7556}") = "C1_Zadanie 4", "Cwiczenia 1\C1_Zadanie 4\C1_Zadanie 4.csproj", "{E1DC4B1D-D6CA-4010-868C-18DE017D3D73}"
EndProject
Project("{9A19103F-16F7-4668-BE54-9A1E7A4F7556}") = "C1_Zadanie 5", "Cwiczenia 1\C1_Zadanie 5\C1_Zadanie 5.csproj", "{9B0A764B-3B40-4F61-B981-ACD8CF224F05}"
EndProject
Project("{9A19103F-16F7-4668-BE54-9A1E7A4F7556}") = "C1_Zadanie 6", "Cwiczenia 1\C1_Zadanie 6\C1_Zadanie 6.csproj", "{3BF8C179-EF82-431D-BFFD-F4BAFA4BBBD6}"
EndProject
Global
	GlobalSection(SolutionConfigurationPlatforms) = preSolution
		Debug|Any CPU = Debug|Any CPU
		Release|Any CPU = Release|Any CPU
	EndGlobalSection
	GlobalSection(ProjectConfigurationPlatforms) = postSolution
		{F43FF679-E853-4B8E-BA8B-A9C692FAC66E}.Debug|Any CPU.ActiveCfg = Debug|Any CPU
		{F43FF679-E853-4B8E-BA8B-A9C692FAC66E}.Debug|Any CPU.Build.0 = Debug|Any CPU
		{F43FF679-E853-4B8E-BA8B-A9C692FAC66E}.Release|Any CPU.ActiveCfg = Release|Any CPU
		{F43FF679-E853-4B8E-BA8B-A9C692FAC66E}.Release|Any CPU.Build.0 = Release|Any CPU
		{670F621F-B258-4A3D-9FE6-DD5CCF57C263}.Debug|Any CPU.ActiveCfg = Debug|Any CPU
		{670F621F-B258-4A3D-9FE6-DD5CCF57C263}.Debug|Any CPU.Build.0 = Debug|Any CPU
		{670F621F-B258-4A3D-9FE6-DD5CCF57C263}.Release|Any CPU.ActiveCfg = Release|Any CPU
		{670F621F-B258-4A3D-9FE6-DD5CCF57C263}.Release|Any CPU.Build.0 = Release|Any CPU
		{2B15ADAC-73E6-4DBA-9BF8-E75A8BF13086}.Debug|Any CPU.ActiveCfg = Debug|Any CPU
		{2B15ADAC-73E6-4DBA-9BF8-E75A8BF13086}.Debug|Any CPU.Build.0 = Debug|Any CPU
		{2B15ADAC-73E6-4DBA-9BF8-E75A8BF13086}.Release|Any CPU.ActiveCfg = Release|Any CPU
		{2B15ADAC-73E6-4DBA-9BF8-E75A8BF13086}.Release|Any CPU.Build.0 = Release|Any CPU
		{633481A3-65B0-402D-B891-0BEFCDD76268}.Debug|Any CPU.ActiveCfg = Debug|Any CPU
		{633481A3-65B0-402D-B891-0BEFCDD76268}.Debug|Any CPU.Build.0 = Debug|Any CPU
		{633481A3-65B0-402D-B891-0BEFCDD76268}.Release|Any CPU.ActiveCfg = Release|Any CPU
		{633481A3-65B0-402D-B891-0BEFCDD76268}.Release|Any CPU.Build.0 = Release|Any CPU
		{9812B2A9-A97C-4EC3-A5FE-F6A7757B6F42}.Debug|Any CPU.ActiveCfg = Debug|Any CPU
		{9812B2A9-A97C-4EC3-A5FE-F6A7757B6F42}.Debug|Any CPU.Build.0 = Debug|Any CPU
		{9812B2A9-A97C-4EC3-A5FE-F6A7757B6F42}.Release|Any CPU.ActiveCfg = Release|Any CPU
		{9812B2A9-A97C-4EC3-A5FE-F6A7757B6F42}.Release|Any CPU.Build.0 = Release|Any CPU
		{48464DA1-4647-4B01-828C-C64F54F4A011}.Debug|Any CPU.ActiveCfg = Debug|Any CPU
		{48464DA1-4647-4B01-828C-C64F54F4A011}.Debug|Any CPU.Build.0 = Debug|Any CPU
		{48464DA1-4647-4B01-828C-C64F54F4A011}.Release|Any CPU.ActiveCfg = Release|Any CPU
		{48464DA1-4647-4B01-828C-C64F54F4A011}.Release|Any CPU.Build.0 = Release|Any CPU
		{28B51185-08FD-4D91-8654-A7412129B2A4}.Debug|Any CPU.ActiveCfg = Debug|Any CPU
		{28B51185-08FD-4D91-8654-A7412129B2A4}.Debug|Any CPU.Build.0 = Debug|Any CPU
		{28B51185-08FD-4D91-8654-A7412129B2A4}.Release|Any CPU.ActiveCfg = Release|Any CPU
		{28B51185-08FD-4D91-8654-A7412129B2A4}.Release|Any CPU.Build.0 = Release|Any CPU
		{BAEB8055-2DA7-49E5-A0ED-8758D30292FD}.Debug|Any CPU.ActiveCfg = Debug|Any CPU
		{BAEB8055-2DA7-49E5-A0ED-8758D30292FD}.Debug|Any CPU.Build.0 = Debug|Any CPU
		{BAEB8055-2DA7-49E5-A0ED-8758D30292FD}.Release|Any CPU.ActiveCfg = Release|Any CPU
		{BAEB8055-2DA7-49E5-A0ED-8758D30292FD}.Release|Any CPU.Build.0 = Release|Any CPU
		{9FF2C5A8-6EFC-410B-AE77-3AF69723D053}.Debug|Any CPU.ActiveCfg = Debug|Any CPU
		{9FF2C5A8-6EFC-410B-AE77-3AF69723D053}.Debug|Any CPU.Build.0 = Debug|Any CPU
		{9FF2C5A8-6EFC-410B-AE77-3AF69723D053}.Release|Any CPU.ActiveCfg = Release|Any CPU
		{9FF2C5A8-6EFC-410B-AE77-3AF69723D053}.Release|Any CPU.Build.0 = Release|Any CPU
		{BD1F3067-893E-44F1-8EF0-42B361EB96BC}.Debug|Any CPU.ActiveCfg = Debug|Any CPU
		{BD1F3067-893E-44F1-8EF0-42B361EB96BC}.Debug|Any CPU.Build.0 = Debug|Any CPU
		{BD1F3067-893E-44F1-8EF0-42B361EB96BC}.Release|Any CPU.ActiveCfg = Release|Any CPU
		{BD1F3067-893E-44F1-8EF0-42B361EB96BC}.Release|Any CPU.Build.0 = Release|Any CPU
		{BB8567CB-E124-4213-ABC8-9D28E416FB12}.Debug|Any CPU.ActiveCfg = Debug|Any CPU
		{BB8567CB-E124-4213-ABC8-9D28E416FB12}.Debug|Any CPU.Build.0 = Debug|Any CPU
		{BB8567CB-E124-4213-ABC8-9D28E416FB12}.Release|Any CPU.ActiveCfg = Release|Any CPU
		{BB8567CB-E124-4213-ABC8-9D28E416FB12}.Release|Any CPU.Build.0 = Release|Any CPU
		{EFF7481A-B893-4339-9436-76F8C139316E}.Debug|Any CPU.ActiveCfg = Debug|Any CPU
		{EFF7481A-B893-4339-9436-76F8C139316E}.Debug|Any CPU.Build.0 = Debug|Any CPU
		{EFF7481A-B893-4339-9436-76F8C139316E}.Release|Any CPU.ActiveCfg = Release|Any CPU
		{EFF7481A-B893-4339-9436-76F8C139316E}.Release|Any CPU.Build.0 = Release|Any CPU
		{BBB3A9C3-6170-4FA0-B451-6462C70D5743}.Debug|Any CPU.ActiveCfg = Debug|Any CPU
		{BBB3A9C3-6170-4FA0-B451-6462C70D5743}.Debug|Any CPU.Build.0 = Debug|Any CPU
		{BBB3A9C3-6170-4FA0-B451-6462C70D5743}.Release|Any CPU.ActiveCfg = Release|Any CPU
		{BBB3A9C3-6170-4FA0-B451-6462C70D5743}.Release|Any CPU.Build.0 = Release|Any CPU
		{E1DC4B1D-D6CA-4010-868C-18DE017D3D73}.Debug|Any CPU.ActiveCfg = Debug|Any CPU
		{E1DC4B1D-D6CA-4010-868C-18DE017D3D73}.Debug|Any CPU.Build.0 = Debug|Any CPU
		{E1DC4B1D-D6CA-4010-868C-18DE017D3D73}.Release|Any CPU.ActiveCfg = Release|Any CPU
		{E1DC4B1D-D6CA-4010-868C-18DE017D3D73}.Release|Any CPU.Build.0 = Release|Any CPU
		{9B0A764B-3B40-4F61-B981-ACD8CF224F05}.Debug|Any CPU.ActiveCfg = Debug|Any CPU
		{9B0A764B-3B40-4F61-B981-ACD8CF224F05}.Debug|Any CPU.Build.0 = Debug|Any CPU
		{9B0A764B-3B40-4F61-B981-ACD8CF224F05}.Release|Any CPU.ActiveCfg = Release|Any CPU
		{9B0A764B-3B40-4F61-B981-ACD8CF224F05}.Release|Any CPU.Build.0 = Release|Any CPU
		{3BF8C179-EF82-431D-BFFD-F4BAFA4BBBD6}.Debug|Any CPU.ActiveCfg = Debug|Any CPU
		{3BF8C179-EF82-431D-BFFD-F4BAFA4BBBD6}.Debug|Any CPU.Build.0 = Debug|Any CPU
		{3BF8C179-EF82-431D-BFFD-F4BAFA4BBBD6}.Release|Any CPU.ActiveCfg = Release|Any CPU
		{3BF8C179-EF82-431D-BFFD-F4BAFA4BBBD6}.Release|Any CPU.Build.0 = Release|Any CPU
	EndGlobalSection
	GlobalSection(SolutionProperties) = preSolution
		HideSolutionNode = FALSE
	EndGlobalSection
	GlobalSection(NestedProjects) = preSolution
		{F43FF679-E853-4B8E-BA8B-A9C692FAC66E} = {CB0B77D7-8ABF-4164-A80E-C65F626CA740}
		{633481A3-65B0-402D-B891-0BEFCDD76268} = {299FCFBF-8BA9-442D-B826-458D8D8E258C}
		{9812B2A9-A97C-4EC3-A5FE-F6A7757B6F42} = {299FCFBF-8BA9-442D-B826-458D8D8E258C}
		{48464DA1-4647-4B01-828C-C64F54F4A011} = {299FCFBF-8BA9-442D-B826-458D8D8E258C}
		{28B51185-08FD-4D91-8654-A7412129B2A4} = {299FCFBF-8BA9-442D-B826-458D8D8E258C}
		{BAEB8055-2DA7-49E5-A0ED-8758D30292FD} = {299FCFBF-8BA9-442D-B826-458D8D8E258C}
		{9FF2C5A8-6EFC-410B-AE77-3AF69723D053} = {299FCFBF-8BA9-442D-B826-458D8D8E258C}
		{BD1F3067-893E-44F1-8EF0-42B361EB96BC} = {299FCFBF-8BA9-442D-B826-458D8D8E258C}
		{BB8567CB-E124-4213-ABC8-9D28E416FB12} = {299FCFBF-8BA9-442D-B826-458D8D8E258C}
		{EFF7481A-B893-4339-9436-76F8C139316E} = {299FCFBF-8BA9-442D-B826-458D8D8E258C}
		{BBB3A9C3-6170-4FA0-B451-6462C70D5743} = {299FCFBF-8BA9-442D-B826-458D8D8E258C}
		{E1DC4B1D-D6CA-4010-868C-18DE017D3D73} = {299FCFBF-8BA9-442D-B826-458D8D8E258C}
		{9B0A764B-3B40-4F61-B981-ACD8CF224F05} = {299FCFBF-8BA9-442D-B826-458D8D8E258C}
		{3BF8C179-EF82-431D-BFFD-F4BAFA4BBBD6} = {299FCFBF-8BA9-442D-B826-458D8D8E258C}
	EndGlobalSection
	GlobalSection(ExtensibilityGlobals) = postSolution
		SolutionGuid = {AA5E5CC1-8B12-47EE-AD21-9928783A3447}
	EndGlobalSection
EndGlobal
