
Microsoft Visual Studio Solution File, Format Version 12.00
# Visual Studio Version 16
VisualStudioVersion = 16.0.810.9
MinimumVisualStudioVersion = 10.0.40219.1
Project("{FAE04EC0-301F-11D3-BF4B-00C04F79EFBC}") = "CW_1", "CW_1\CW_1.csproj", "{2B15ADAC-73E6-4DBA-9BF8-E75A8BF13086}"
EndProject
Global
	GlobalSection(SolutionConfigurationPlatforms) = preSolution
		Debug|anycpu = Debug|anycpu
		Release|anycpu = Release|anycpu
	EndGlobalSection
	GlobalSection(ProjectConfigurationPlatforms) = postSolution
		{2B15ADAC-73E6-4DBA-9BF8-E75A8BF13086}.Debug|anycpu.ActiveCfg = Debug|anycpu
		{2B15ADAC-73E6-4DBA-9BF8-E75A8BF13086}.Debug|anycpu.Build.0 = Debug|anycpu
		{2B15ADAC-73E6-4DBA-9BF8-E75A8BF13086}.Release|anycpu.ActiveCfg = Release|anycpu
		{2B15ADAC-73E6-4DBA-9BF8-E75A8BF13086}.Release|anycpu.Build.0 = Release|anycpu
	EndGlobalSection
	GlobalSection(SolutionProperties) = preSolution
		HideSolutionNode = FALSE
	EndGlobalSection
	GlobalSection(ExtensibilityGlobals) = postSolution
		SolutionGuid = {2FFE2AED-C00E-4330-86B7-CDE781E59F3E}
	EndGlobalSection
EndGlobal
